<?xml version="1.0" encoding="utf-8"?>
<Project ToolsVersion="4.0" xmlns="http://schemas.microsoft.com/developer/msbuild/2003">
  <ItemGroup>
    <Filter Include="Source Files">
      <UniqueIdentifier>{4FC737F1-C7A5-4376-A066-2A32D752A2FF}</UniqueIdentifier>
      <Extensions>cpp;cxx;c;def</Extensions>
    </Filter>
    <Filter Include="Header Files">
      <UniqueIdentifier>{93995380-89BD-4b04-88EB-625FBE52EBFB}</UniqueIdentifier>
      <Extensions>h</Extensions>
    </Filter>
    <Filter Include="Form Files">
      <UniqueIdentifier>{99349809-55BA-4b9d-BF79-8FDBB0286EB3}</UniqueIdentifier>
      <Extensions>ui</Extensions>
    </Filter>
    <Filter Include="Resource Files">
      <UniqueIdentifier>{D9D6E242-F8AF-46E4-B9FD-80ECBC20BA3E}</UniqueIdentifier>
      <Extensions>qrc;*</Extensions>
      <ParseFiles>false</ParseFiles>
    </Filter>
    <Filter Include="Generated Files">
      <UniqueIdentifier>{71ED8ED8-ACB9-4CE9-BBE1-E00B30144E11}</UniqueIdentifier>
      <Extensions>moc;h;cpp</Extensions>
      <SourceControlFiles>False</SourceControlFiles>
    </Filter>
    <Filter Include="Generated Files\Debug">
      <UniqueIdentifier>{945747ff-b380-4e50-92e7-16951d6438ca}</UniqueIdentifier>
      <Extensions>cpp;moc</Extensions>
      <SourceControlFiles>False</SourceControlFiles>
    </Filter>
    <Filter Include="Generated Files\Release">
      <UniqueIdentifier>{0b191302-804c-4045-baaf-bb8b24d2db38}</UniqueIdentifier>
      <Extensions>cpp;moc</Extensions>
      <SourceControlFiles>False</SourceControlFiles>
    </Filter>
  </ItemGroup>
  <ItemGroup>
    <ClCompile Include="GeneratedFiles\Debug\moc_glosquiz.cpp">
      <Filter>Generated Files\Debug</Filter>
    </ClCompile>
    <ClCompile Include="GeneratedFiles\Release\moc_glosquiz.cpp">
      <Filter>Generated Files\Release</Filter>
    </ClCompile>
    <ClCompile Include="GeneratedFiles\qrc_qml.cpp">
      <Filter>Generated Files</Filter>
    </ClCompile>
    <ClCompile Include="..\..\harbour-wordquiz\src\speechdownloader.cpp">
      <Filter>Source Files</Filter>
    </ClCompile>
    <ClCompile Include="GeneratedFiles\Debug\moc_speechdownloader.cpp">
      <Filter>Generated Files\Debug</Filter>
    </ClCompile>
    <ClCompile Include="GeneratedFiles\Release\moc_speechdownloader.cpp">
      <Filter>Generated Files\Release</Filter>
    </ClCompile>
    <ClCompile Include="..\main.cpp">
      <Filter>Source Files</Filter>
    </ClCompile>
    <ClCompile Include="..\..\harbour-wordquiz\src\filehelpers.cpp">
      <Filter>Source Files</Filter>
    </ClCompile>
  </ItemGroup>
  <ItemGroup>
    <CustomBuild Include="glosquiz.h">
      <Filter>Header Files</Filter>
    </CustomBuild>
    <CustomBuild Include="glosquiz.ui">
      <Filter>Form Files</Filter>
    </CustomBuild>
    <CustomBuild Include="..\qml.qrc">
      <Filter>Resource Files</Filter>
    </CustomBuild>
    <CustomBuild Include="..\..\harbour-wordquiz\src\speechdownloader.h">
      <Filter>Header Files</Filter>
    </CustomBuild>
  </ItemGroup>
  <ItemGroup>
    <ClInclude Include="GeneratedFiles\ui_glosquiz.h">
      <Filter>Generated Files</Filter>
    </ClInclude>
    <ClInclude Include="resource.h">
      <Filter>Header Files</Filter>
    </ClInclude>
    <ClInclude Include="..\..\harbour-wordquiz\src\filehelpers.h">
      <Filter>Header Files</Filter>
    </ClInclude>
  </ItemGroup>
  <ItemGroup>
    <None Include="..\main.qml">
      <Filter>Resource Files</Filter>
    </None>
    <None Include="..\TextList.qml">
      <Filter>Resource Files</Filter>
    </None>
    <None Include="..\TakeQuiz.qml">
      <Filter>Resource Files</Filter>
    </None>
    <None Include="..\EditQuiz.qml">
      <Filter>Resource Files</Filter>
    </None>
    <None Include="..\CreateNewQuiz.qml">
      <Filter>Resource Files</Filter>
    </None>
    <None Include="..\InputTextQuiz.qml">
      <Filter>Resource Files</Filter>
    </None>
    <None Include="..\ButtonQuiz.qml">
      <Filter>Resource Files</Filter>
    </None>
    <None Include="..\ListViewHi.qml">
      <Filter>Resource Files</Filter>
    </None>
    <None Include="..\ButtonQuizImg.qml">
      <Filter>Resource Files</Filter>
    </None>
  </ItemGroup>
  <ItemGroup>
    <Xml Include="..\tid.xml">
      <Filter>Resource Files</Filter>
    </Xml>
  </ItemGroup>
  <ItemGroup>
    <Image Include="..\rm.png">
      <Filter>Resource Files</Filter>
    </Image>
    <Image Include="..\left.png">
      <Filter>Resource Files</Filter>
    </Image>
    <Image Include="..\r.png">
      <Filter>Resource Files</Filter>
    </Image>
    <Image Include="..\thumb.png">
      <Filter>Resource Files</Filter>
    </Image>
    <Image Include="..\horn.png">
      <Filter>Resource Files</Filter>
    </Image>
  </ItemGroup>
</Project>